
Microsoft Visual Studio Solution File, Format Version 12.00
# Visual Studio Version 16
VisualStudioVersion = 16.0.28803.202
MinimumVisualStudioVersion = 10.0.40219.1
Project("{9A19103F-16F7-4668-BE54-9A1E7A4F7556}") = "RoboNuGet", "RoboNuGet\RoboNuGet.csproj", "{16219564-3451-4F91-8F26-49D8D027249D}"
EndProject
Project("{2150E333-8FDC-42A3-9474-1A3956D46DE8}") = "app", "app", "{4377355F-A99F-4262-9C64-6FD64DCEE2E9}"
EndProject
Project("{2150E333-8FDC-42A3-9474-1A3956D46DE8}") = "lib", "lib", "{3383018E-E36E-4987-B990-07804E1061A7}"
EndProject
Project("{9A19103F-16F7-4668-BE54-9A1E7A4F7556}") = "Reusable.Core", "..\Reusable\Reusable.Core\Reusable.Core.csproj", "{2A31CD7D-B1FC-4442-808B-706E558CCDEA}"
EndProject
Project("{9A19103F-16F7-4668-BE54-9A1E7A4F7556}") = "Reusable.Flexo", "..\Reusable\Reusable.Flexo\Reusable.Flexo.csproj", "{4E4CF68A-6CC2-4FB9-97C3-3608213DA65A}"
EndProject
Project("{9A19103F-16F7-4668-BE54-9A1E7A4F7556}") = "Reusable.IOnymous", "..\Reusable\Reusable.IOnymous\Reusable.IOnymous.csproj", "{F4BA41BF-5BE2-438D-9C5C-DD2437FA5123}"
EndProject
Project("{9A19103F-16F7-4668-BE54-9A1E7A4F7556}") = "Reusable.Commander", "..\Reusable\Reusable.Commander\Reusable.Commander.csproj", "{703808AE-CA16-4310-92F3-9E1367AE7741}"
EndProject
Project("{9A19103F-16F7-4668-BE54-9A1E7A4F7556}") = "Reusable.Cryptography", "..\Reusable\Reusable.Cryptography\Reusable.Cryptography.csproj", "{CF585ED4-DDE1-4B1B-A8F5-4987183BFF3B}"
EndProject
Project("{9A19103F-16F7-4668-BE54-9A1E7A4F7556}") = "Reusable.Deception", "..\Reusable\Reusable.Deception\Reusable.Deception.csproj", "{3194CA62-D753-4388-93C2-2B01EEAC5026}"
EndProject
Project("{9A19103F-16F7-4668-BE54-9A1E7A4F7556}") = "Reusable.IOnymous.Http", "..\Reusable\Reusable.IOnymous.Http\Reusable.IOnymous.Http.csproj", "{A7B7C592-7E46-4B5E-A5F5-7BE9D7518233}"
EndProject
Project("{9A19103F-16F7-4668-BE54-9A1E7A4F7556}") = "Reusable.IOnymous.Http.Mailr", "..\Reusable\Reusable.IOnymous.Http.Mailr\Reusable.IOnymous.Http.Mailr.csproj", "{B6CFD6EF-9627-493C-AEBF-5AD508730AD4}"
EndProject
Project("{9A19103F-16F7-4668-BE54-9A1E7A4F7556}") = "Reusable.IOnymous.Mail", "..\Reusable\Reusable.IOnymous.Mail\Reusable.IOnymous.Mail.csproj", "{D915AD81-9612-4080-AC83-C7873D0F9BC7}"
EndProject
Project("{9A19103F-16F7-4668-BE54-9A1E7A4F7556}") = "Reusable.IOnymous.Mail.Smtp", "..\Reusable\Reusable.IOnymous.Mail.Smtp\Reusable.IOnymous.Mail.Smtp.csproj", "{1C2AA65E-03D4-49E2-A5DF-0E5234E93111}"
EndProject
Project("{9A19103F-16F7-4668-BE54-9A1E7A4F7556}") = "Reusable.OmniLog", "..\Reusable\Reusable.OmniLog\Reusable.OmniLog.csproj", "{AAC58E2A-FAEB-4E54-B28E-5266C68DB239}"
EndProject
Project("{9A19103F-16F7-4668-BE54-9A1E7A4F7556}") = "Reusable.OmniLog.Abstractions", "..\Reusable\Reusable.OmniLog.Abstractions\Reusable.OmniLog.Abstractions.csproj", "{B1CDFAA9-77D2-4078-9464-28DFD519D93D}"
EndProject
Project("{9A19103F-16F7-4668-BE54-9A1E7A4F7556}") = "Reusable.OmniLog.ColoredConsoleRx", "..\Reusable\Reusable.OmniLog.ColoredConsoleRx\Reusable.OmniLog.ColoredConsoleRx.csproj", "{73CF553F-1083-46A9-B605-0B9CF6CB5006}"
EndProject
Project("{9A19103F-16F7-4668-BE54-9A1E7A4F7556}") = "Reusable.OmniLog.NLogRx", "..\Reusable\Reusable.OmniLog.NLogRx\Reusable.OmniLog.NLogRx.csproj", "{41AF5612-2B9E-4F1D-AD78-2CEEACBBC78F}"
EndProject
Project("{9A19103F-16F7-4668-BE54-9A1E7A4F7556}") = "Reusable.OmniLog.SemanticExtensions", "..\Reusable\Reusable.OmniLog.SemanticExtensions\Reusable.OmniLog.SemanticExtensions.csproj", "{23A0AFA1-700E-40AF-9EDA-7722B4F14F57}"
EndProject
Project("{9A19103F-16F7-4668-BE54-9A1E7A4F7556}") = "Reusable.OmniLog.SemanticMiddleware", "..\Reusable\Reusable.OmniLog.SemanticMiddleware\Reusable.OmniLog.SemanticMiddleware.csproj", "{B467C07A-3741-44DB-AD32-E64832DC6A28}"
EndProject
Project("{9A19103F-16F7-4668-BE54-9A1E7A4F7556}") = "Reusable.OneTo1", "..\Reusable\Reusable.OneTo1\Reusable.OneTo1.csproj", "{DA46832A-7762-4B4A-AF07-B45FD3D11721}"
EndProject
Project("{9A19103F-16F7-4668-BE54-9A1E7A4F7556}") = "Reusable.SemanticVersion", "..\Reusable\Reusable.SemanticVersion\Reusable.SemanticVersion.csproj", "{9ED12AEF-5BE9-47C2-8B57-CF0C08AA94FF}"
EndProject
Project("{9A19103F-16F7-4668-BE54-9A1E7A4F7556}") = "Reusable.Utilities.AspNetCore", "..\Reusable\Reusable.Utilities.AspNetCore\Reusable.Utilities.AspNetCore.csproj", "{EB253B51-06D4-4DCD-8BC9-902FC398A677}"
EndProject
Project("{9A19103F-16F7-4668-BE54-9A1E7A4F7556}") = "Reusable.Utilities.JsonNet", "..\Reusable\Reusable.Utilities.JsonNet\Reusable.Utilities.JsonNet.csproj", "{DB0F7922-2CA7-42A8-969E-2904902B0B4F}"
EndProject
Project("{9A19103F-16F7-4668-BE54-9A1E7A4F7556}") = "Reusable.Utilities.NLog", "..\Reusable\Reusable.Utilities.NLog\Reusable.Utilities.NLog.csproj", "{87E89BA4-5F9E-4BE5-8BA1-CDDE018C71E1}"
EndProject
Project("{9A19103F-16F7-4668-BE54-9A1E7A4F7556}") = "Reusable.Utilities.SqlClient", "..\Reusable\Reusable.Utilities.SqlClient\Reusable.Utilities.SqlClient.csproj", "{699967D1-314E-43D0-A7BE-B01B83B15A87}"
EndProject
Project("{9A19103F-16F7-4668-BE54-9A1E7A4F7556}") = "Reusable.MarkupBuilder", "..\Reusable\Reusable.MarkupBuilder\Reusable.MarkupBuilder.csproj", "{8ED8614F-3AB9-441C-9C88-D6758AAB8AB1}"
EndProject
Project("{FAE04EC0-301F-11D3-BF4B-00C04F79EFBC}") = "Reusable.Data", "..\Reusable\Reusable.Data\Reusable.Data.csproj", "{E4C8743D-34AD-4147-B8A2-FCE2B6F99EA4}"
EndProject
Project("{FAE04EC0-301F-11D3-BF4B-00C04F79EFBC}") = "Reusable.Beaver", "..\Reusable\Reusable.Beaver\Reusable.Beaver.csproj", "{2D779EF9-41DC-465F-BBE8-A61EBFFAA41B}"
EndProject
Project("{FAE04EC0-301F-11D3-BF4B-00C04F79EFBC}") = "Reusable.Quickey", "..\Reusable\Reusable.Quickey\Reusable.Quickey.csproj", "{351F86EB-3B84-4C7B-894A-47A2AE9D7D5E}"
EndProject
Project("{FAE04EC0-301F-11D3-BF4B-00C04F79EFBC}") = "Reusable.IOnymous.Config", "..\Reusable\Reusable.IOnymous.Config\Reusable.IOnymous.Config.csproj", "{8F35DF40-FD96-48F3-80FF-6689D025413C}"
EndProject
Project("{FAE04EC0-301F-11D3-BF4B-00C04F79EFBC}") = "Reusable.IOnymous.Config.SqlServer", "..\Reusable\Reusable.IOnymous.Config.SqlServer\Reusable.IOnymous.Config.SqlServer.csproj", "{23D0EEA8-C765-4C38-94FC-05413CBE4C59}"
EndProject
Project("{FAE04EC0-301F-11D3-BF4B-00C04F79EFBC}") = "Reusable.Flawless", "..\Reusable\Reusable.Flawless\Reusable.Flawless.csproj", "{4B41FECD-2C0E-4B2F-B4FF-E45B4FFC9D11}"
EndProject
Global
	GlobalSection(SolutionConfigurationPlatforms) = preSolution
		Debug|Any CPU = Debug|Any CPU
		Release|Any CPU = Release|Any CPU
	EndGlobalSection
	GlobalSection(ProjectConfigurationPlatforms) = postSolution
		{16219564-3451-4F91-8F26-49D8D027249D}.Debug|Any CPU.ActiveCfg = Debug|Any CPU
		{16219564-3451-4F91-8F26-49D8D027249D}.Debug|Any CPU.Build.0 = Debug|Any CPU
		{16219564-3451-4F91-8F26-49D8D027249D}.Release|Any CPU.ActiveCfg = Release|Any CPU
		{16219564-3451-4F91-8F26-49D8D027249D}.Release|Any CPU.Build.0 = Release|Any CPU
		{2A31CD7D-B1FC-4442-808B-706E558CCDEA}.Debug|Any CPU.ActiveCfg = Debug|Any CPU
		{2A31CD7D-B1FC-4442-808B-706E558CCDEA}.Debug|Any CPU.Build.0 = Debug|Any CPU
		{2A31CD7D-B1FC-4442-808B-706E558CCDEA}.Release|Any CPU.ActiveCfg = Release|Any CPU
		{2A31CD7D-B1FC-4442-808B-706E558CCDEA}.Release|Any CPU.Build.0 = Release|Any CPU
		{4E4CF68A-6CC2-4FB9-97C3-3608213DA65A}.Debug|Any CPU.ActiveCfg = Debug|Any CPU
		{4E4CF68A-6CC2-4FB9-97C3-3608213DA65A}.Debug|Any CPU.Build.0 = Debug|Any CPU
		{4E4CF68A-6CC2-4FB9-97C3-3608213DA65A}.Release|Any CPU.ActiveCfg = Release|Any CPU
		{4E4CF68A-6CC2-4FB9-97C3-3608213DA65A}.Release|Any CPU.Build.0 = Release|Any CPU
		{F4BA41BF-5BE2-438D-9C5C-DD2437FA5123}.Debug|Any CPU.ActiveCfg = Debug|Any CPU
		{F4BA41BF-5BE2-438D-9C5C-DD2437FA5123}.Debug|Any CPU.Build.0 = Debug|Any CPU
		{F4BA41BF-5BE2-438D-9C5C-DD2437FA5123}.Release|Any CPU.ActiveCfg = Release|Any CPU
		{F4BA41BF-5BE2-438D-9C5C-DD2437FA5123}.Release|Any CPU.Build.0 = Release|Any CPU
		{703808AE-CA16-4310-92F3-9E1367AE7741}.Debug|Any CPU.ActiveCfg = Debug|Any CPU
		{703808AE-CA16-4310-92F3-9E1367AE7741}.Debug|Any CPU.Build.0 = Debug|Any CPU
		{703808AE-CA16-4310-92F3-9E1367AE7741}.Release|Any CPU.ActiveCfg = Release|Any CPU
		{703808AE-CA16-4310-92F3-9E1367AE7741}.Release|Any CPU.Build.0 = Release|Any CPU
		{CF585ED4-DDE1-4B1B-A8F5-4987183BFF3B}.Debug|Any CPU.ActiveCfg = Debug|Any CPU
		{CF585ED4-DDE1-4B1B-A8F5-4987183BFF3B}.Debug|Any CPU.Build.0 = Debug|Any CPU
		{CF585ED4-DDE1-4B1B-A8F5-4987183BFF3B}.Release|Any CPU.ActiveCfg = Release|Any CPU
		{CF585ED4-DDE1-4B1B-A8F5-4987183BFF3B}.Release|Any CPU.Build.0 = Release|Any CPU
		{3194CA62-D753-4388-93C2-2B01EEAC5026}.Debug|Any CPU.ActiveCfg = Debug|Any CPU
		{3194CA62-D753-4388-93C2-2B01EEAC5026}.Debug|Any CPU.Build.0 = Debug|Any CPU
		{3194CA62-D753-4388-93C2-2B01EEAC5026}.Release|Any CPU.ActiveCfg = Release|Any CPU
		{3194CA62-D753-4388-93C2-2B01EEAC5026}.Release|Any CPU.Build.0 = Release|Any CPU
		{A7B7C592-7E46-4B5E-A5F5-7BE9D7518233}.Debug|Any CPU.ActiveCfg = Debug|Any CPU
		{A7B7C592-7E46-4B5E-A5F5-7BE9D7518233}.Debug|Any CPU.Build.0 = Debug|Any CPU
		{A7B7C592-7E46-4B5E-A5F5-7BE9D7518233}.Release|Any CPU.ActiveCfg = Release|Any CPU
		{A7B7C592-7E46-4B5E-A5F5-7BE9D7518233}.Release|Any CPU.Build.0 = Release|Any CPU
		{B6CFD6EF-9627-493C-AEBF-5AD508730AD4}.Debug|Any CPU.ActiveCfg = Debug|Any CPU
		{B6CFD6EF-9627-493C-AEBF-5AD508730AD4}.Debug|Any CPU.Build.0 = Debug|Any CPU
		{B6CFD6EF-9627-493C-AEBF-5AD508730AD4}.Release|Any CPU.ActiveCfg = Release|Any CPU
		{B6CFD6EF-9627-493C-AEBF-5AD508730AD4}.Release|Any CPU.Build.0 = Release|Any CPU
		{D915AD81-9612-4080-AC83-C7873D0F9BC7}.Debug|Any CPU.ActiveCfg = Debug|Any CPU
		{D915AD81-9612-4080-AC83-C7873D0F9BC7}.Debug|Any CPU.Build.0 = Debug|Any CPU
		{D915AD81-9612-4080-AC83-C7873D0F9BC7}.Release|Any CPU.ActiveCfg = Release|Any CPU
		{D915AD81-9612-4080-AC83-C7873D0F9BC7}.Release|Any CPU.Build.0 = Release|Any CPU
		{1C2AA65E-03D4-49E2-A5DF-0E5234E93111}.Debug|Any CPU.ActiveCfg = Debug|Any CPU
		{1C2AA65E-03D4-49E2-A5DF-0E5234E93111}.Debug|Any CPU.Build.0 = Debug|Any CPU
		{1C2AA65E-03D4-49E2-A5DF-0E5234E93111}.Release|Any CPU.ActiveCfg = Release|Any CPU
		{1C2AA65E-03D4-49E2-A5DF-0E5234E93111}.Release|Any CPU.Build.0 = Release|Any CPU
		{AAC58E2A-FAEB-4E54-B28E-5266C68DB239}.Debug|Any CPU.ActiveCfg = Debug|Any CPU
		{AAC58E2A-FAEB-4E54-B28E-5266C68DB239}.Debug|Any CPU.Build.0 = Debug|Any CPU
		{AAC58E2A-FAEB-4E54-B28E-5266C68DB239}.Release|Any CPU.ActiveCfg = Release|Any CPU
		{AAC58E2A-FAEB-4E54-B28E-5266C68DB239}.Release|Any CPU.Build.0 = Release|Any CPU
		{B1CDFAA9-77D2-4078-9464-28DFD519D93D}.Debug|Any CPU.ActiveCfg = Debug|Any CPU
		{B1CDFAA9-77D2-4078-9464-28DFD519D93D}.Debug|Any CPU.Build.0 = Debug|Any CPU
		{B1CDFAA9-77D2-4078-9464-28DFD519D93D}.Release|Any CPU.ActiveCfg = Release|Any CPU
		{B1CDFAA9-77D2-4078-9464-28DFD519D93D}.Release|Any CPU.Build.0 = Release|Any CPU
		{73CF553F-1083-46A9-B605-0B9CF6CB5006}.Debug|Any CPU.ActiveCfg = Debug|Any CPU
		{73CF553F-1083-46A9-B605-0B9CF6CB5006}.Debug|Any CPU.Build.0 = Debug|Any CPU
		{73CF553F-1083-46A9-B605-0B9CF6CB5006}.Release|Any CPU.ActiveCfg = Release|Any CPU
		{73CF553F-1083-46A9-B605-0B9CF6CB5006}.Release|Any CPU.Build.0 = Release|Any CPU
		{41AF5612-2B9E-4F1D-AD78-2CEEACBBC78F}.Debug|Any CPU.ActiveCfg = Debug|Any CPU
		{41AF5612-2B9E-4F1D-AD78-2CEEACBBC78F}.Debug|Any CPU.Build.0 = Debug|Any CPU
		{41AF5612-2B9E-4F1D-AD78-2CEEACBBC78F}.Release|Any CPU.ActiveCfg = Release|Any CPU
		{41AF5612-2B9E-4F1D-AD78-2CEEACBBC78F}.Release|Any CPU.Build.0 = Release|Any CPU
		{23A0AFA1-700E-40AF-9EDA-7722B4F14F57}.Debug|Any CPU.ActiveCfg = Debug|Any CPU
		{23A0AFA1-700E-40AF-9EDA-7722B4F14F57}.Debug|Any CPU.Build.0 = Debug|Any CPU
		{23A0AFA1-700E-40AF-9EDA-7722B4F14F57}.Release|Any CPU.ActiveCfg = Release|Any CPU
		{23A0AFA1-700E-40AF-9EDA-7722B4F14F57}.Release|Any CPU.Build.0 = Release|Any CPU
		{B467C07A-3741-44DB-AD32-E64832DC6A28}.Debug|Any CPU.ActiveCfg = Debug|Any CPU
		{B467C07A-3741-44DB-AD32-E64832DC6A28}.Debug|Any CPU.Build.0 = Debug|Any CPU
		{B467C07A-3741-44DB-AD32-E64832DC6A28}.Release|Any CPU.ActiveCfg = Release|Any CPU
		{B467C07A-3741-44DB-AD32-E64832DC6A28}.Release|Any CPU.Build.0 = Release|Any CPU
		{DA46832A-7762-4B4A-AF07-B45FD3D11721}.Debug|Any CPU.ActiveCfg = Debug|Any CPU
		{DA46832A-7762-4B4A-AF07-B45FD3D11721}.Debug|Any CPU.Build.0 = Debug|Any CPU
		{DA46832A-7762-4B4A-AF07-B45FD3D11721}.Release|Any CPU.ActiveCfg = Release|Any CPU
		{DA46832A-7762-4B4A-AF07-B45FD3D11721}.Release|Any CPU.Build.0 = Release|Any CPU
		{9ED12AEF-5BE9-47C2-8B57-CF0C08AA94FF}.Debug|Any CPU.ActiveCfg = Debug|Any CPU
		{9ED12AEF-5BE9-47C2-8B57-CF0C08AA94FF}.Debug|Any CPU.Build.0 = Debug|Any CPU
		{9ED12AEF-5BE9-47C2-8B57-CF0C08AA94FF}.Release|Any CPU.ActiveCfg = Release|Any CPU
		{9ED12AEF-5BE9-47C2-8B57-CF0C08AA94FF}.Release|Any CPU.Build.0 = Release|Any CPU
		{EB253B51-06D4-4DCD-8BC9-902FC398A677}.Debug|Any CPU.ActiveCfg = Debug|Any CPU
		{EB253B51-06D4-4DCD-8BC9-902FC398A677}.Debug|Any CPU.Build.0 = Debug|Any CPU
		{EB253B51-06D4-4DCD-8BC9-902FC398A677}.Release|Any CPU.ActiveCfg = Release|Any CPU
		{EB253B51-06D4-4DCD-8BC9-902FC398A677}.Release|Any CPU.Build.0 = Release|Any CPU
		{DB0F7922-2CA7-42A8-969E-2904902B0B4F}.Debug|Any CPU.ActiveCfg = Debug|Any CPU
		{DB0F7922-2CA7-42A8-969E-2904902B0B4F}.Debug|Any CPU.Build.0 = Debug|Any CPU
		{DB0F7922-2CA7-42A8-969E-2904902B0B4F}.Release|Any CPU.ActiveCfg = Release|Any CPU
		{DB0F7922-2CA7-42A8-969E-2904902B0B4F}.Release|Any CPU.Build.0 = Release|Any CPU
		{87E89BA4-5F9E-4BE5-8BA1-CDDE018C71E1}.Debug|Any CPU.ActiveCfg = Debug|Any CPU
		{87E89BA4-5F9E-4BE5-8BA1-CDDE018C71E1}.Debug|Any CPU.Build.0 = Debug|Any CPU
		{87E89BA4-5F9E-4BE5-8BA1-CDDE018C71E1}.Release|Any CPU.ActiveCfg = Release|Any CPU
		{87E89BA4-5F9E-4BE5-8BA1-CDDE018C71E1}.Release|Any CPU.Build.0 = Release|Any CPU
		{699967D1-314E-43D0-A7BE-B01B83B15A87}.Debug|Any CPU.ActiveCfg = Debug|Any CPU
		{699967D1-314E-43D0-A7BE-B01B83B15A87}.Debug|Any CPU.Build.0 = Debug|Any CPU
		{699967D1-314E-43D0-A7BE-B01B83B15A87}.Release|Any CPU.ActiveCfg = Release|Any CPU
		{699967D1-314E-43D0-A7BE-B01B83B15A87}.Release|Any CPU.Build.0 = Release|Any CPU
		{8ED8614F-3AB9-441C-9C88-D6758AAB8AB1}.Debug|Any CPU.ActiveCfg = Debug|Any CPU
		{8ED8614F-3AB9-441C-9C88-D6758AAB8AB1}.Debug|Any CPU.Build.0 = Debug|Any CPU
		{8ED8614F-3AB9-441C-9C88-D6758AAB8AB1}.Release|Any CPU.ActiveCfg = Release|Any CPU
		{8ED8614F-3AB9-441C-9C88-D6758AAB8AB1}.Release|Any CPU.Build.0 = Release|Any CPU
		{E4C8743D-34AD-4147-B8A2-FCE2B6F99EA4}.Debug|Any CPU.ActiveCfg = Debug|Any CPU
		{E4C8743D-34AD-4147-B8A2-FCE2B6F99EA4}.Debug|Any CPU.Build.0 = Debug|Any CPU
		{E4C8743D-34AD-4147-B8A2-FCE2B6F99EA4}.Release|Any CPU.ActiveCfg = Release|Any CPU
		{E4C8743D-34AD-4147-B8A2-FCE2B6F99EA4}.Release|Any CPU.Build.0 = Release|Any CPU
		{2D779EF9-41DC-465F-BBE8-A61EBFFAA41B}.Debug|Any CPU.ActiveCfg = Debug|Any CPU
		{2D779EF9-41DC-465F-BBE8-A61EBFFAA41B}.Debug|Any CPU.Build.0 = Debug|Any CPU
		{2D779EF9-41DC-465F-BBE8-A61EBFFAA41B}.Release|Any CPU.ActiveCfg = Release|Any CPU
		{2D779EF9-41DC-465F-BBE8-A61EBFFAA41B}.Release|Any CPU.Build.0 = Release|Any CPU
		{351F86EB-3B84-4C7B-894A-47A2AE9D7D5E}.Debug|Any CPU.ActiveCfg = Debug|Any CPU
		{351F86EB-3B84-4C7B-894A-47A2AE9D7D5E}.Debug|Any CPU.Build.0 = Debug|Any CPU
		{351F86EB-3B84-4C7B-894A-47A2AE9D7D5E}.Release|Any CPU.ActiveCfg = Release|Any CPU
		{351F86EB-3B84-4C7B-894A-47A2AE9D7D5E}.Release|Any CPU.Build.0 = Release|Any CPU
		{8F35DF40-FD96-48F3-80FF-6689D025413C}.Debug|Any CPU.ActiveCfg = Debug|Any CPU
		{8F35DF40-FD96-48F3-80FF-6689D025413C}.Debug|Any CPU.Build.0 = Debug|Any CPU
		{8F35DF40-FD96-48F3-80FF-6689D025413C}.Release|Any CPU.ActiveCfg = Release|Any CPU
		{8F35DF40-FD96-48F3-80FF-6689D025413C}.Release|Any CPU.Build.0 = Release|Any CPU
		{23D0EEA8-C765-4C38-94FC-05413CBE4C59}.Debug|Any CPU.ActiveCfg = Debug|Any CPU
		{23D0EEA8-C765-4C38-94FC-05413CBE4C59}.Debug|Any CPU.Build.0 = Debug|Any CPU
		{23D0EEA8-C765-4C38-94FC-05413CBE4C59}.Release|Any CPU.ActiveCfg = Release|Any CPU
		{23D0EEA8-C765-4C38-94FC-05413CBE4C59}.Release|Any CPU.Build.0 = Release|Any CPU
		{4B41FECD-2C0E-4B2F-B4FF-E45B4FFC9D11}.Debug|Any CPU.ActiveCfg = Debug|Any CPU
		{4B41FECD-2C0E-4B2F-B4FF-E45B4FFC9D11}.Debug|Any CPU.Build.0 = Debug|Any CPU
		{4B41FECD-2C0E-4B2F-B4FF-E45B4FFC9D11}.Release|Any CPU.ActiveCfg = Release|Any CPU
		{4B41FECD-2C0E-4B2F-B4FF-E45B4FFC9D11}.Release|Any CPU.Build.0 = Release|Any CPU
	EndGlobalSection
	GlobalSection(SolutionProperties) = preSolution
		HideSolutionNode = FALSE
	EndGlobalSection
	GlobalSection(NestedProjects) = preSolution
		{16219564-3451-4F91-8F26-49D8D027249D} = {4377355F-A99F-4262-9C64-6FD64DCEE2E9}
		{2A31CD7D-B1FC-4442-808B-706E558CCDEA} = {3383018E-E36E-4987-B990-07804E1061A7}
		{4E4CF68A-6CC2-4FB9-97C3-3608213DA65A} = {3383018E-E36E-4987-B990-07804E1061A7}
		{F4BA41BF-5BE2-438D-9C5C-DD2437FA5123} = {3383018E-E36E-4987-B990-07804E1061A7}
		{703808AE-CA16-4310-92F3-9E1367AE7741} = {3383018E-E36E-4987-B990-07804E1061A7}
		{CF585ED4-DDE1-4B1B-A8F5-4987183BFF3B} = {3383018E-E36E-4987-B990-07804E1061A7}
		{3194CA62-D753-4388-93C2-2B01EEAC5026} = {3383018E-E36E-4987-B990-07804E1061A7}
		{A7B7C592-7E46-4B5E-A5F5-7BE9D7518233} = {3383018E-E36E-4987-B990-07804E1061A7}
		{B6CFD6EF-9627-493C-AEBF-5AD508730AD4} = {3383018E-E36E-4987-B990-07804E1061A7}
		{D915AD81-9612-4080-AC83-C7873D0F9BC7} = {3383018E-E36E-4987-B990-07804E1061A7}
		{1C2AA65E-03D4-49E2-A5DF-0E5234E93111} = {3383018E-E36E-4987-B990-07804E1061A7}
		{AAC58E2A-FAEB-4E54-B28E-5266C68DB239} = {3383018E-E36E-4987-B990-07804E1061A7}
		{B1CDFAA9-77D2-4078-9464-28DFD519D93D} = {3383018E-E36E-4987-B990-07804E1061A7}
		{73CF553F-1083-46A9-B605-0B9CF6CB5006} = {3383018E-E36E-4987-B990-07804E1061A7}
		{41AF5612-2B9E-4F1D-AD78-2CEEACBBC78F} = {3383018E-E36E-4987-B990-07804E1061A7}
		{23A0AFA1-700E-40AF-9EDA-7722B4F14F57} = {3383018E-E36E-4987-B990-07804E1061A7}
		{B467C07A-3741-44DB-AD32-E64832DC6A28} = {3383018E-E36E-4987-B990-07804E1061A7}
		{DA46832A-7762-4B4A-AF07-B45FD3D11721} = {3383018E-E36E-4987-B990-07804E1061A7}
		{9ED12AEF-5BE9-47C2-8B57-CF0C08AA94FF} = {3383018E-E36E-4987-B990-07804E1061A7}
		{EB253B51-06D4-4DCD-8BC9-902FC398A677} = {3383018E-E36E-4987-B990-07804E1061A7}
		{DB0F7922-2CA7-42A8-969E-2904902B0B4F} = {3383018E-E36E-4987-B990-07804E1061A7}
		{87E89BA4-5F9E-4BE5-8BA1-CDDE018C71E1} = {3383018E-E36E-4987-B990-07804E1061A7}
		{699967D1-314E-43D0-A7BE-B01B83B15A87} = {3383018E-E36E-4987-B990-07804E1061A7}
		{8ED8614F-3AB9-441C-9C88-D6758AAB8AB1} = {3383018E-E36E-4987-B990-07804E1061A7}
		{E4C8743D-34AD-4147-B8A2-FCE2B6F99EA4} = {3383018E-E36E-4987-B990-07804E1061A7}
		{2D779EF9-41DC-465F-BBE8-A61EBFFAA41B} = {3383018E-E36E-4987-B990-07804E1061A7}
		{351F86EB-3B84-4C7B-894A-47A2AE9D7D5E} = {3383018E-E36E-4987-B990-07804E1061A7}
		{8F35DF40-FD96-48F3-80FF-6689D025413C} = {3383018E-E36E-4987-B990-07804E1061A7}
		{23D0EEA8-C765-4C38-94FC-05413CBE4C59} = {3383018E-E36E-4987-B990-07804E1061A7}
		{4B41FECD-2C0E-4B2F-B4FF-E45B4FFC9D11} = {3383018E-E36E-4987-B990-07804E1061A7}
	EndGlobalSection
	GlobalSection(ExtensibilityGlobals) = postSolution
		SolutionGuid = {4CE808AA-E10A-4AFE-8658-3DC91B258179}
	EndGlobalSection
EndGlobal
